{
  "version": "3",
  "remote": {
    "https://cdn.skypack.dev/-/debug@v4.3.4-o4liVvMlOnQWbLSYZMXw/dist=es2019,mode=imports/optimized/debug.js": "671100993996e39b501301a87000607916d4d2d9f8fc8e9c5200ae5ba64a1389",
    "https://cdn.skypack.dev/-/ms@v2.1.2-giBDZ1IA5lmQ3ZXaa87V/dist=es2019,mode=imports/optimized/ms.js": "fd88e2d51900437011f1ad232f3393ce97db1b87a7844b3c58dd6d65562c1276",
    "https://cdn.skypack.dev/debug@4.3.4": "7b1d010cc930f71b940ba5941da055bc181115229e29de7214bdb4425c68ea76",
    "https://deno.land/std@0.144.0/_util/assert.ts": "e94f2eb37cebd7f199952e242c77654e43333c1ac4c5c700e929ea3aa5489f74",
    "https://deno.land/std@0.144.0/_util/os.ts": "3b4c6e27febd119d36a416d7a97bd3b0251b77c88942c8f16ee5953ea13e2e49",
    "https://deno.land/std@0.144.0/async/deferred.ts": "bc18e28108252c9f67dfca2bbc4587c3cbf3aeb6e155f8c864ca8ecff992b98a",
    "https://deno.land/std@0.144.0/bytes/bytes_list.ts": "aba5e2369e77d426b10af1de0dcc4531acecec27f9b9056f4f7bfbf8ac147ab4",
    "https://deno.land/std@0.144.0/bytes/equals.ts": "3c3558c3ae85526f84510aa2b48ab2ad7bdd899e2e0f5b7a8ffc85acb3a6043a",
    "https://deno.land/std@0.144.0/bytes/mod.ts": "763f97d33051cc3f28af1a688dfe2830841192a9fea0cbaa55f927b49d49d0bf",
    "https://deno.land/std@0.144.0/io/buffer.ts": "bd0c4bf53db4b4be916ca5963e454bddfd3fcd45039041ea161dbf826817822b",
    "https://deno.land/std@0.144.0/path/_constants.ts": "df1db3ffa6dd6d1252cc9617e5d72165cd2483df90e93833e13580687b6083c3",
    "https://deno.land/std@0.144.0/path/_interface.ts": "ee3b431a336b80cf445441109d089b70d87d5e248f4f90ff906820889ecf8d09",
    "https://deno.land/std@0.144.0/path/_util.ts": "c1e9686d0164e29f7d880b2158971d805b6e0efc3110d0b3e24e4b8af2190d2b",
    "https://deno.land/std@0.144.0/path/common.ts": "bee563630abd2d97f99d83c96c2fa0cca7cee103e8cb4e7699ec4d5db7bd2633",
    "https://deno.land/std@0.144.0/path/glob.ts": "cb5255638de1048973c3e69e420c77dc04f75755524cb3b2e160fe9277d939ee",
    "https://deno.land/std@0.144.0/path/mod.ts": "4945b430b759b0b3d98f2a278542cbcf95e0ad2bd8eaaed3c67322b306b2b346",
    "https://deno.land/std@0.144.0/path/posix.ts": "293cdaec3ecccec0a9cc2b534302dfe308adb6f10861fa183275d6695faace44",
    "https://deno.land/std@0.144.0/path/separator.ts": "fe1816cb765a8068afb3e8f13ad272351c85cbc739af56dacfc7d93d710fe0f9",
    "https://deno.land/std@0.144.0/path/win32.ts": "31811536855e19ba37a999cd8d1b62078235548d67902ece4aa6b814596dd757",
    "https://deno.land/std@0.144.0/streams/buffer.ts": "ee47194022d47fa23d4749b8afbadc83c237c4595467a9bddb322af0dd205815",
    "https://deno.land/std@0.144.0/streams/conversion.ts": "fc3db02026183da795fa32ac7549868e9f19c75ba029d4b4c3739af62b48517a",
    "https://deno.land/std@0.144.0/streams/delimiter.ts": "81574a35e433d3b392887118d02fce12fec611fe3ff6b8f3d3758d141b7201e9",
    "https://deno.land/std@0.144.0/streams/merge.ts": "88ed3dfa030ae076802688e4cadd762a251a41d81ed1776dfd9a2a9a0e970195",
    "https://deno.land/std@0.144.0/streams/mod.ts": "d7d8fa97f79bca052eba8b6df9c4602403d144cf97ec9f6d0896c787dae0a9de",
    "https://deno.land/x/grammy@v1.9.0/bot.ts": "430a6dddeb0b6e016e5f46d5422f77415601960de461d1b8c8bc1db61fe1d635",
    "https://deno.land/x/grammy@v1.9.0/composer.ts": "1c498f4fd17661d5f4ff1aacb3fa205734c5c30a72bd753fe231033a4baa92f5",
    "https://deno.land/x/grammy@v1.9.0/context.ts": "f6fecf4907adeb6e366c06955e09380579c949f2040155454065210c9f204172",
    "https://deno.land/x/grammy@v1.9.0/convenience/frameworks.deno.ts": "09b6ec045587becbdcce235f7e9880feddea61467dff1ffff2cacb99d83c5e3b",
    "https://deno.land/x/grammy@v1.9.0/convenience/keyboard.ts": "4e70185f2e41a7fafbec243d42fe5878d1e3fa40369ff2ea8c673df4fb793493",
    "https://deno.land/x/grammy@v1.9.0/convenience/session.ts": "a1574f4269f50158135a8d7c87fc16e7ed57c55753cbf50ca00dcedf526e4621",
    "https://deno.land/x/grammy@v1.9.0/convenience/webhook.ts": "1fcf9360a114e09e4b760c361689186253fe24719749cbf4d96193edbbe35b58",
    "https://deno.land/x/grammy@v1.9.0/core/api.ts": "aa9f156ec66b3c11991b65f6ad1f73ecb5b16ec9338dd0ec4794a600ea6204de",
    "https://deno.land/x/grammy@v1.9.0/core/client.ts": "fa743eeeac246c99736398d923c9aedeb610a638a3065ad7ab8db3e7298a708c",
    "https://deno.land/x/grammy@v1.9.0/core/error.ts": "7d610d12a2e4055ec11b5d167dd3bf3c3580049f2defe54951745d33643f2474",
    "https://deno.land/x/grammy@v1.9.0/core/payload.ts": "aef33315cef2477a8e32c32387adbb5e798127a492ef0a94c9b828c863b1e182",
    "https://deno.land/x/grammy@v1.9.0/filter.ts": "b7953dd1be6a78a4506285d96942bc10f6790f857a614ef1809a266244d6f913",
    "https://deno.land/x/grammy@v1.9.0/mod.ts": "8b3a70a2716aa948d9e131a3b5bf958a3d2e17e68550652c8d6c36a9dd587eee",
    "https://deno.land/x/grammy@v1.9.0/platform.deno.ts": "565d6fd59487aed363383f81051d00b3db480698ff6e839632d5640ddd833bb9",
    "https://esm.sh/@grammyjs/types@2.8.0": "55f7f038d145197a3b81fa96b720316f6a80b483cf3b57ddaf23f5fe113bfa53",
    "https://esm.sh/v135/@grammyjs/types@2.8.0/denonext/types.mjs": "cfb2ed876c7001effbbaed3397ce623b26aa9fe618e35c77217c420bfa6e34e8"
  }
}
